
Microsoft Visual Studio Solution File, Format Version 12.00
# Visual Studio Version 17
VisualStudioVersion = 17.11.35208.52
MinimumVisualStudioVersion = 10.0.40219.1
Project("{FAE04EC0-301F-11D3-BF4B-00C04F79EFBC}") = "JwtWebApiDotNet", "JwtWebApiDotNet\JwtWebApiDotNet.csproj", "{35BCB269-02A4-40A1-888B-0B34864CA8D6}"
EndProject
Global
	GlobalSection(SolutionConfigurationPlatforms) = preSolution
		Debug|Any CPU = Debug|Any CPU
		Release|Any CPU = Release|Any CPU
	EndGlobalSection
	GlobalSection(ProjectConfigurationPlatforms) = postSolution
		{35BCB269-02A4-40A1-888B-0B34864CA8D6}.Debug|Any CPU.ActiveCfg = Debug|Any CPU
		{35BCB269-02A4-40A1-888B-0B34864CA8D6}.Debug|Any CPU.Build.0 = Debug|Any CPU
		{35BCB269-02A4-40A1-888B-0B34864CA8D6}.Release|Any CPU.ActiveCfg = Release|Any CPU
		{35BCB269-02A4-40A1-888B-0B34864CA8D6}.Release|Any CPU.Build.0 = Release|Any CPU
	EndGlobalSection
	GlobalSection(SolutionProperties) = preSolution
		HideSolutionNode = FALSE
	EndGlobalSection
	GlobalSection(ExtensibilityGlobals) = postSolution
		SolutionGuid = {5380F115-C390-458C-B952-8C0AB99C60DA}
	EndGlobalSection
EndGlobal
